version = 1
revision = 3
requires-python = ">=3.10"

[[package]]
name = "py-review-skill"
version = "0.1.0"
source = { virtual = "." }

[package.dev-dependencies]
dev = [
    { name = "ruff" },
    { name = "ty" },
]

[package.metadata]

[package.metadata.requires-dev]
dev = [
    { name = "ruff", specifier = ">=0.15.21" },
    { name = "ty", specifier = ">=0.0.84" },
]

[[package]]
name = "ruff"
version = "0.15.21"
source = { registry = "https://pypi.org/simple" }
sdist = { url = "https://files.pythonhosted.org/packages/0f/36/6f65aa9989acdec45d417192d8f4e7921931d8a6cf87ac74bce3eed98a8e/ruff-0.15.21.tar.gz", hash = "sha256:d0cfc841c572283c36548f82664a54ce6565567f1b0d5b4cf2caac693d8b7500", size = 4769401, upload-time = "2026-07-09T20:01:34.005Z" }
wheels = [
    { url = "https://files.pythonhosted.org/packages/d0/c6/ede15cac6839f3dbce52565c8f5164a8210e669c7bc4decb03e5bdf47d0d/ruff-0.15.21-py3-none-linux_armv6l.whl", hash = "sha256:63ea0e965e5d73c90e95b2434beeafc70820536717f561b32ab6e777cb9bdf5d", size = 10854342, upload-time = "2026-07-09T20:00:53.998Z" },
    { url = "https://files.pythonhosted.org/packages/28/9d/d825b07ee7ea9e2d61df92a860033c94e06e7300d50a1c2653aac27d24fe/ruff-0.15.21-py3-none-macosx_10_12_x86_64.whl", hash = "sha256:0f212c5d7d54c01bbfe6dcab02b724a39300f3e34ed7acbe995ccb320a2c58bd", size = 11139539, upload-time = "2026-07-09T20:00:57.809Z" },
    { url = "https://files.pythonhosted.org/packages/f5/de/3b107712e642f063c7a9e0887c427b22cb44097de5aab36c05f2e280670c/ruff-0.15.21-py3-none-macosx_11_0_arm64.whl", hash = "sha256:e6312e41bc96791299614995ea3a977c5857c3b5662b1ecef6755b02b87cb646", size = 10595437, upload-time = "2026-07-09T20:01:00.006Z" },
    { url = "https://files.pythonhosted.org/packages/9a/6f/b4523cc90ba239ede441447a19d0c968846a3012e5a0b0c5b62831a3d5e3/ruff-0.15.21-py3-none-manylinux_2_17_aarch64.manylinux2014_aarch64.whl", hash = "sha256:01d65b4831c6b2a4ba8ee6faa84049d44d982b7a706e622c4094c509e51673be", size = 10990053, upload-time = "2026-07-09T20:01:02.187Z" },
    { url = "https://files.pythonhosted.org/packages/92/cc/c6a9872a5375f0628875481cf2f66b13d7d865bf3ca2e57f91c7e762d976/ruff-0.15.21-py3-none-manylinux_2_17_armv7l.manylinux2014_armv7l.whl", hash = "sha256:2c5a913a589120ce67933d5d05fd6ddbcc2481c6a054980ee767f7414c72b4fd", size = 10666096, upload-time = "2026-07-09T20:01:04.299Z" },
    { url = "https://files.pythonhosted.org/packages/ab/97/c621f7a17e097f1790fa3af6374138823b330b2d03fc38337945daca212c/ruff-0.15.21-py3-none-manylinux_2_17_i686.manylinux2014_i686.whl", hash = "sha256:5ef04b681d02ad4dc9620f00f83ac5c22f652d0e9a9cfe431d219b16ad5ccc41", size = 11537011, upload-time = "2026-07-09T20:01:06.771Z" },
    { url = "https://files.pythonhosted.org/packages/ea/51/d928727e476e25ccc57c6f449ffd80241a651a973ad949d39cfb2a771d28/ruff-0.15.21-py3-none-manylinux_2_17_ppc64le.manylinux2014_ppc64le.whl", hash = "sha256:16d090c0740916594157e75b80d666eab8e78083b39b3b0e1d698f4670a17b86", size = 12347101, upload-time = "2026-07-09T20:01:08.859Z" },
    { url = "https://files.pythonhosted.org/packages/1e/88/8cd62026802b16018ad06931d87997cf795ba2a6239ab659606c87d96bf0/ruff-0.15.21-py3-none-manylinux_2_17_s390x.manylinux2014_s390x.whl", hash = "sha256:3a10e74757dd65004d779b73e2f3c5210156d9980b41224d50d2ebcf1db51e67", size = 11572001, upload-time = "2026-07-09T20:01:11.092Z" },
    { url = "https://files.pythonhosted.org/packages/b2/97/f63084cf55444fc110e8cb985ebfcc592af47f597d44453d778cb81bc156/ruff-0.15.21-py3-none-manylinux_2_17_x86_64.manylinux2014_x86_64.whl", hash = "sha256:bab0905d2f29e0d9fbc3c373ed23db0095edaa3f71f1f4f519ec15134d9e85c8", size = 11549239, upload-time = "2026-07-09T20:01:13.27Z" },
    { url = "https://files.pythonhosted.org/packages/9d/77/f107da4a2874b7715914b03f09ba9c54424de3ff8a1cc5d015d3ee2ce0ac/ruff-0.15.21-py3-none-manylinux_2_31_riscv64.whl", hash = "sha256:00eca240af5789fec6fe7df74c088cc1f9644ed83027113468efba7c92b94075", size = 11535340, upload-time = "2026-07-09T20:01:15.206Z" },
    { url = "https://files.pythonhosted.org/packages/d5/e9/601deb322d3303a7bf212b0100ead6f2ee3f6a044d89c30f2f92bf83c731/ruff-0.15.21-py3-none-musllinux_1_2_aarch64.whl", hash = "sha256:262ab31557a75141325e32d3357f3597645a7f084e732b6b054dde428ecd9341", size = 10964048, upload-time = "2026-07-09T20:01:17.723Z" },
    { url = "https://files.pythonhosted.org/packages/ea/2e/0f2176d1e99c15192caea19c8c3a0a955246b4cb4de795042eeb616345cd/ruff-0.15.21-py3-none-musllinux_1_2_armv7l.whl", hash = "sha256:659c4e7a4212f83306045ec7c5e5a356d16d9a6ef4ae0c7a4d872914fc655d9d", size = 10667055, upload-time = "2026-07-09T20:01:19.73Z" },
    { url = "https://files.pythonhosted.org/packages/48/60/abd74a02e0c4214f12a68becfd30af7165cfdcb0e661ecdc60bbb949c09a/ruff-0.15.21-py3-none-musllinux_1_2_i686.whl", hash = "sha256:9e866eab611a5f959d36df2d10e446973a3610bc42b0c15b31dc27977d59c233", size = 11242043, upload-time = "2026-07-09T20:01:21.947Z" },
    { url = "https://files.pythonhosted.org/packages/b2/c6/583075d8ccabb4b229345edcaf1545eb3d8d6be90f686a479d7e94088bbf/ruff-0.15.21-py3-none-musllinux_1_2_x86_64.whl", hash = "sha256:e89bc93c0d3803ba870b55c29671bad9dc6d94bb1eb181b056b52eb05b52854f", size = 11648064, upload-time = "2026-07-09T20:01:24.023Z" },
    { url = "https://files.pythonhosted.org/packages/3a/3c/37d0ecb729a7cc2d393ea7dce316fc585680f35d93b8d62139d7d0a3700c/ruff-0.15.21-py3-none-win32.whl", hash = "sha256:01f8d5be84823c172b389e123174f781f9daf86d6c58719d603f941932195cdd", size = 10896555, upload-time = "2026-07-09T20:01:26.941Z" },
    { url = "https://files.pythonhosted.org/packages/c0/b8/e43466b2a6067ce91e669068f6e28d6c719a920f014b070d5c8731725de3/ruff-0.15.21-py3-none-win_amd64.whl", hash = "sha256:d4b8d9a2f0f12b816b50447f6eccb9f4bb01a6b82c86b50fb3b5354b458dc6d3", size = 12038772, upload-time = "2026-07-09T20:01:29.497Z" },
    { url = "https://files.pythonhosted.org/packages/dd/75/e90ab9aeece218a9fc5a5bc3ec97d0ee6bb3c4ff95869463c1de58e29a1c/ruff-0.15.21-py3-none-win_arm64.whl", hash = "sha256:6e83115d4b9377c1cbc13abf0e051f069fab0ef815ea0504a8a008cee24dd0a8", size = 11375265, upload-time = "2026-07-09T20:01:31.772Z" },
]

[[package]]
name = "ty"
version = "0.0.84"
source = { registry = "https://pypi.org/simple" }
sdist = { url = "https://files.pythonhosted.org/packages/e1/f6/34f8869c45ea87fe6a931ffa824b1fe4428167173543d92988d631add355/ty-0.0.84.tar.gz", hash = "sha256:0cefdb0cd5d399418dbe83c349ba605047b7dff815ae6f460c80e8522b40be67", size = 7409537, upload-time = "2026-09-24T13:16:24.367Z" }
wheels = [
    { url = "https://files.pythonhosted.org/packages/aa/0c/600648778e1c79133ce6b6a5c4c2531ae16b90c9b30f5041b38b574f61b8/ty-0.0.84-py3-none-linux_armv6l.whl", hash = "sha256:868438e2b9abfc835dd5b5b07ed693db95d8348ac40e3228252511d63ae87695", size = 13935333, upload-time = "2026-09-24T13:15:31.167Z" },
    { url = "https://files.pythonhosted.org/packages/c5/3b/27f06f49945c36170765fad82076898039ae3873338e9865f876dd62f12c/ty-0.0.84-py3-none-macosx_10_12_x86_64.whl", hash = "sha256:b00f39b521f0b559cde0f6abf8dd47213b513b04f33d58efeb9b98486a16bb17", size = 13511328, upload-time = "2026-09-24T13:15:34.446Z" },
    { url = "https://files.pythonhosted.org/packages/fc/b6/b12dd130e7f30141f0645614f454c925991cd389b1cc6c8284fd6bf32326/ty-0.0.84-py3-none-macosx_11_0_arm64.whl", hash = "sha256:8f78c2915567f2ee62ce0c24d86091bc76f81577677755e242d09951db588b9a", size = 13445445, upload-time = "2026-09-24T13:15:37.476Z" },
    { url = "https://files.pythonhosted.org/packages/44/96/f012de4b3c1d9a4773326621380d768b4d48c47e620dc012775c5e01c7d7/ty-0.0.84-py3-none-manylinux_2_17_aarch64.manylinux2014_aarch64.whl", hash = "sha256:61155cad0921e890d86d1d911a40b3a0e924ef4bdc3b4f3865a6c89c7e3012dc", size = 13471235, upload-time = "2026-09-24T13:15:40.64Z" },
    { url = "https://files.pythonhosted.org/packages/05/32/dca630f5f5353fa7bf67eebccf1549df99b16656d21071d0df6677c826a5/ty-0.0.84-py3-none-manylinux_2_17_armv7l.manylinux2014_armv7l.whl", hash = "sha256:417c3bf14947ed16b0b92976ab333c27915590354e96d4f581709068d3811355", size = 13680704, upload-time = "2026-09-24T13:15:43.817Z" },
    { url = "https://files.pythonhosted.org/packages/44/8d/33702c8f62f05ad45b33644fb914d483de6a0a7bc8e51884e9b8773e6d69/ty-0.0.84-py3-none-manylinux_2_17_i686.manylinux2014_i686.whl", hash = "sha256:e06ef117759f654f5379efe9ae79bda8a186016c016f1023d05c34f8e15c1546", size = 14518923, upload-time = "2026-09-24T13:15:46.802Z" },
    { url = "https://files.pythonhosted.org/packages/c8/a1/da3246e6ef2ae0e842bca4058b25c54bee55ab058ffff4ee54e72517ec01/ty-0.0.84-py3-none-manylinux_2_17_ppc64le.manylinux2014_ppc64le.whl", hash = "sha256:a05d1d53db8b64410ab38c6e32c5898510584869d1d5dd9c0605db81c9aef7df", size = 15027731, upload-time = "2026-09-24T13:15:49.755Z" },
    { url = "https://files.pythonhosted.org/packages/20/17/b0099098a560aeb4f9fde6c912f9a81622c3e44e6555e1fbe322b368ec31/ty-0.0.84-py3-none-manylinux_2_17_s390x.manylinux2014_s390x.whl", hash = "sha256:b92400494ab855cfb1204ac1101e3f53b2d09a8e21d171758b2cf9acdab1809e", size = 14748260, upload-time = "2026-09-24T13:15:52.713Z" },
    { url = "https://files.pythonhosted.org/packages/60/d5/32cd67aedb271f006e716ad093806c96c5d7e2af86be8255469dbd3d76c8/ty-0.0.84-py3-none-manylinux_2_17_x86_64.manylinux2014_x86_64.whl", hash = "sha256:af17eb391ae3027fed9be1780bea555c2b8a25ba68e184c627b4981b2c9eaab7", size = 14205858, upload-time = "2026-09-24T13:15:55.677Z" },
    { url = "https://files.pythonhosted.org/packages/43/c4/638ac62ca2e8eca1b92e3e16273085744fada728b993500819b5c258ca15/ty-0.0.84-py3-none-manylinux_2_31_riscv64.whl", hash = "sha256:44cf06af0e7ec78ea6d8ff33a3450fc19627756a4fba681f7410d4e3ef63047a", size = 14573196, upload-time = "2026-09-24T13:15:59.165Z" },
    { url = "https://files.pythonhosted.org/packages/a6/f6/9ee81c5d8921e5fd5f10889ae563c95cd3272b31df2ada528919ca1cef6b/ty-0.0.84-py3-none-musllinux_1_2_aarch64.whl", hash = "sha256:c6e56b443ff9ba462e34bfbc1e582004c2719ed35f8f93a433744b0ba0afb2d9", size = 13480760, upload-time = "2026-09-24T13:16:02.313Z" },
    { url = "https://files.pythonhosted.org/packages/f6/83/fbe5d1177667ae16d84c3242846b143809c9cc09568b333e5a9b4d5908f6/ty-0.0.84-py3-none-musllinux_1_2_armv7l.whl", hash = "sha256:8b6562fcc48820c1030e2a4509ef2c14ef93043ca4860280074314ac3a825b95", size = 13696346, upload-time = "2026-09-24T13:16:05.391Z" },
    { url = "https://files.pythonhosted.org/packages/86/9a/1b4ac9ddc34cc0ab4624bc219825d66af52f1ad87f4778ad08ad03fa06d5/ty-0.0.84-py3-none-musllinux_1_2_i686.whl", hash = "sha256:dee7421451efcbd70f03e95a8f2c8d9e5ec3d35edcd27b4095ee00ee062abfc4", size = 13959410, upload-time = "2026-09-24T13:16:08.661Z" },
    { url = "https://files.pythonhosted.org/packages/c9/04/70e289437a67dfd686056ab4fd91880261a8233033a6a95d29393741fb97/ty-0.0.84-py3-none-musllinux_1_2_x86_64.whl", hash = "sha256:31e96307cf621babe969307dd657783d672e2d8bdbd06493710da635bf63fa07", size = 14350294, upload-time = "2026-09-24T13:16:11.865Z" },
    { url = "https://files.pythonhosted.org/packages/9c/f4/ae7dbd118425c850981d23efb850f0d9d7f6b8d2b852bde2767434f668b4/ty-0.0.84-py3-none-win32.whl", hash = "sha256:4bdc85f91cbaae35825f2b17bb4ac5de0563367875cb0f42b2bf07a1bf7ff2ba", size = 13176439, upload-time = "2026-09-24T13:16:15.049Z" },
    { url = "https://files.pythonhosted.org/packages/29/ec/994d87252f065dda5a500bc8afc726d18f6582d81d6f4ff1feb8a267c800/ty-0.0.84-py3-none-win_amd64.whl", hash = "sha256:71cc9aa7a7c89d4e12c6a814e9c0c3310ad5bee44efedbd6f5a42d91e9ac0f0d", size = 13962879, upload-time = "2026-09-24T13:16:18.191Z" },
    { url = "https://files.pythonhosted.org/packages/6d/1c/e6e91852b72566b1ab9aca504712857dfb89324c12092a5bd61d42d34427/ty-0.0.84-py3-none-win_arm64.whl", hash = "sha256:6c9d3718c4a0d318bc9c92af9b2aa85c3294e7dff54cf1d69ad79568f56516da", size = 13656453, upload-time = "2026-09-24T13:16:21.51Z" },
]
